
Microsoft Visual Studio Solution File, Format Version 12.00
# Visual Studio Version 16
VisualStudioVersion = 16.0.810.18
MinimumVisualStudioVersion = 10.0.40219.1
Project("{FAE04EC0-301F-11D3-BF4B-00C04F79EFBC}") = "OutdoOffice", "OutdoOffice.csproj", "{342EDF92-C9D1-4BA5-8F5F-58D2515FE846}"
EndProject
Global
	GlobalSection(SolutionConfigurationPlatforms) = preSolution
		Debug|Any CPU = Debug|Any CPU
		Release|Any CPU = Release|Any CPU
	EndGlobalSection
	GlobalSection(ProjectConfigurationPlatforms) = postSolution
		{342EDF92-C9D1-4BA5-8F5F-58D2515FE846}.Debug|Any CPU.ActiveCfg = Debug|Any CPU
		{342EDF92-C9D1-4BA5-8F5F-58D2515FE846}.Debug|Any CPU.Build.0 = Debug|Any CPU
		{342EDF92-C9D1-4BA5-8F5F-58D2515FE846}.Release|Any CPU.ActiveCfg = Release|Any CPU
		{342EDF92-C9D1-4BA5-8F5F-58D2515FE846}.Release|Any CPU.Build.0 = Release|Any CPU
	EndGlobalSection
	GlobalSection(SolutionProperties) = preSolution
		HideSolutionNode = FALSE
	EndGlobalSection
	GlobalSection(ExtensibilityGlobals) = postSolution
		SolutionGuid = {5FE7108E-30DF-4DA8-8BAE-E36E370C2B2F}
	EndGlobalSection
EndGlobal
